// !$*UTF8*$!
{
	archiveVersion = 1;
	classes = {
	};
	objectVersion = 50;
	objects = {

/* Begin PBXBuildFile section */
		8159EB5224A6D72C000ECFC4 /* AppDelegate.swift in Sources */ = {isa = PBXBuildFile; fileRef = 8159EB5124A6D72C000ECFC4 /* AppDelegate.swift */; };
		8159EB5424A6D72C000ECFC4 /* SceneDelegate.swift in Sources */ = {isa = PBXBuildFile; fileRef = 8159EB5324A6D72C000ECFC4 /* SceneDelegate.swift */; };
		8159EB5624A6D72C000ECFC4 /* ViewController.swift in Sources */ = {isa = PBXBuildFile; fileRef = 8159EB5524A6D72C000ECFC4 /* ViewController.swift */; };
		8159EB5924A6D72C000ECFC4 /* Main.storyboard in Resources */ = {isa = PBXBuildFile; fileRef = 8159EB5724A6D72C000ECFC4 /* Main.storyboard */; };
		8159EB5B24A6D735000ECFC4 /* Assets.xcassets in Resources */ = {isa = PBXBuildFile; fileRef = 8159EB5A24A6D735000ECFC4 /* Assets.xcassets */; };
		8159EB5E24A6D735000ECFC4 /* LaunchScreen.storyboard in Resources */ = {isa = PBXBuildFile; fileRef = 8159EB5C24A6D735000ECFC4 /* LaunchScreen.storyboard */; };
		8159EB6924A6EBE0000ECFC4 /* MockGradientView.swift in Sources */ = {isa = PBXBuildFile; fileRef = 8159EB6824A6EBE0000ECFC4 /* MockGradientView.swift */; };
/* End PBXBuildFile section */

/* Begin PBXFileReference section */
		8159EB4E24A6D72C000ECFC4 /* GradientDemo.app */ = {isa = PBXFileReference; explicitFileType = wrapper.application; includeInIndex = 0; path = GradientDemo.app; sourceTree = BUILT_PRODUCTS_DIR; };
		8159EB5124A6D72C000ECFC4 /* AppDelegate.swift */ = {isa = PBXFileReference; lastKnownFileType = sourcecode.swift; path = AppDelegate.swift; sourceTree = "<group>"; };
		8159EB5324A6D72C000ECFC4 /* SceneDelegate.swift */ = {isa = PBXFileReference; lastKnownFileType = sourcecode.swift; path = SceneDelegate.swift; sourceTree = "<group>"; };
		8159EB5524A6D72C000ECFC4 /* ViewController.swift */ = {isa = PBXFileReference; lastKnownFileType = sourcecode.swift; path = ViewController.swift; sourceTree = "<group>"; };
		8159EB5824A6D72C000ECFC4 /* Base */ = {isa = PBXFileReference; lastKnownFileType = file.storyboard; name = Base; path = Base.lproj/Main.storyboard; sourceTree = "<group>"; };
		8159EB5A24A6D735000ECFC4 /* Assets.xcassets */ = {isa = PBXFileReference; lastKnownFileType = folder.assetcatalog; path = Assets.xcassets; sourceTree = "<group>"; };
		8159EB5D24A6D735000ECFC4 /* Base */ = {isa = PBXFileReference; lastKnownFileType = file.storyboard; name = Base; path = Base.lproj/LaunchScreen.storyboard; sourceTree = "<group>"; };
		8159EB5F24A6D735000ECFC4 /* Info.plist */ = {isa = PBXFileReference; lastKnownFileType = text.plist.xml; path = Info.plist; sourceTree = "<group>"; };
		8159EB6824A6EBE0000ECFC4 /* MockGradientView.swift */ = {isa = PBXFileReference; lastKnownFileType = sourcecode.swift; path = MockGradientView.swift; sourceTree = "<group>"; };
/* End PBXFileReference section */

/* Begin PBXFrameworksBuildPhase section */
		8159EB4B24A6D72C000ECFC4 /* Frameworks */ = {
			isa = PBXFrameworksBuildPhase;
			buildActionMask = 2147483647;
			files = (
			);
			runOnlyForDeploymentPostprocessing = 0;
		};
/* End PBXFrameworksBuildPhase section */

/* Begin PBXGroup section */
		8159EB4524A6D72C000ECFC4 = {
			isa = PBXGroup;
			children = (
				8159EB5024A6D72C000ECFC4 /* GradientDemo */,
				8159EB4F24A6D72C000ECFC4 /* Products */,
			);
			sourceTree = "<group>";
		};
		8159EB4F24A6D72C000ECFC4 /* Products */ = {
			isa = PBXGroup;
			children = (
				8159EB4E24A6D72C000ECFC4 /* GradientDemo.app */,
			);
			name = Products;
			sourceTree = "<group>";
		};
		8159EB5024A6D72C000ECFC4 /* GradientDemo */ = {
			isa = PBXGroup;
			children = (
				8159EB5124A6D72C000ECFC4 /* AppDelegate.swift */,
				8159EB5324A6D72C000ECFC4 /* SceneDelegate.swift */,
				8159EB5524A6D72C000ECFC4 /* ViewController.swift */,
				8159EB6824A6EBE0000ECFC4 /* MockGradientView.swift */,
				8159EB5724A6D72C000ECFC4 /* Main.storyboard */,
				8159EB5A24A6D735000ECFC4 /* Assets.xcassets */,
				8159EB5C24A6D735000ECFC4 /* LaunchScreen.storyboard */,
				8159EB5F24A6D735000ECFC4 /* Info.plist */,
			);
			path = GradientDemo;
			sourceTree = "<group>";
		};
/* End PBXGroup section */

/* Begin PBXNativeTarget section */
		8159EB4D24A6D72C000ECFC4 /* GradientDemo */ = {
			isa = PBXNativeTarget;
			buildConfigurationList = 8159EB6224A6D735000ECFC4 /* Build configuration list for PBXNativeTarget "GradientDemo" */;
			buildPhases = (
				8159EB4A24A6D72C000ECFC4 /* Sources */,
				8159EB4B24A6D72C000ECFC4 /* Frameworks */,
				8159EB4C24A6D72C000ECFC4 /* Resources */,
			);
			buildRules = (
			);
			dependencies = (
			);
			name = GradientDemo;
			productName = GradientDemo;
			productReference = 8159EB4E24A6D72C000ECFC4 /* GradientDemo.app */;
			productType = "com.apple.product-type.application";
		};
/* End PBXNativeTarget section */

/* Begin PBXProject section */
		8159EB4624A6D72C000ECFC4 /* Project object */ = {
			isa = PBXProject;
			attributes = {
				LastSwiftUpdateCheck = 1120;
				LastUpgradeCheck = 1120;
				ORGANIZATIONNAME = wu;
				TargetAttributes = {
					8159EB4D24A6D72C000ECFC4 = {
						CreatedOnToolsVersion = 11.2.1;
					};
				};
			};
			buildConfigurationList = 8159EB4924A6D72C000ECFC4 /* Build configuration list for PBXProject "GradientDemo" */;
			compatibilityVersion = "Xcode 9.3";
			developmentRegion = en;
			hasScannedForEncodings = 0;
			knownRegions = (
				en,
				Base,
			);
			mainGroup = 8159EB4524A6D72C000ECFC4;
			productRefGroup = 8159EB4F24A6D72C000ECFC4 /* Products */;
			projectDirPath = "";
			projectRoot = "";
			targets = (
				8159EB4D24A6D72C000ECFC4 /* GradientDemo */,
			);
		};
/* End PBXProject section */

/* Begin PBXResourcesBuildPhase section */
		8159EB4C24A6D72C000ECFC4 /* Resources */ = {
			isa = PBXResourcesBuildPhase;
			buildActionMask = 2147483647;
			files = (
				8159EB5E24A6D735000ECFC4 /* LaunchScreen.storyboard in Resources */,
				8159EB5B24A6D735000ECFC4 /* Assets.xcassets in Resources */,
				8159EB5924A6D72C000ECFC4 /* Main.storyboard in Resources */,
			);
			runOnlyForDeploymentPostprocessing = 0;
		};
/* End PBXResourcesBuildPhase section */

/* Begin PBXSourcesBuildPhase section */
		8159EB4A24A6D72C000ECFC4 /* Sources */ = {
			isa = PBXSourcesBuildPhase;
			buildActionMask = 2147483647;
			files = (
				8159EB6924A6EBE0000ECFC4 /* MockGradientView.swift in Sources */,
				8159EB5624A6D72C000ECFC4 /* ViewController.swift in Sources */,
				8159EB5224A6D72C000ECFC4 /* AppDelegate.swift in Sources */,
				8159EB5424A6D72C000ECFC4 /* SceneDelegate.swift in Sources */,
			);
			runOnlyForDeploymentPostprocessing = 0;
		};
/* End PBXSourcesBuildPhase section */

/* Begin PBXVariantGroup section */
		8159EB5724A6D72C000ECFC4 /* Main.storyboard */ = {
			isa = PBXVariantGroup;
			children = (
				8159EB5824A6D72C000ECFC4 /* Base */,
			);
			name = Main.storyboard;
			sourceTree = "<group>";
		};
		8159EB5C24A6D735000ECFC4 /* LaunchScreen.storyboard */ = {
			isa = PBXVariantGroup;
			children = (
				8159EB5D24A6D735000ECFC4 /* Base */,
			);
			name = LaunchScreen.storyboard;
			sourceTree = "<group>";
		};
/* End PBXVariantGroup section */

/* Begin XCBuildConfiguration section */
		8159EB6024A6D735000ECFC4 /* Debug */ = {
			isa = XCBuildConfiguration;
			buildSettings = {
				ALWAYS_SEARCH_USER_PATHS = NO;
				CLANG_ANALYZER_NONNULL = YES;
				CLANG_ANALYZER_NUMBER_OBJECT_CONVERSION = YES_AGGRESSIVE;
				CLANG_CXX_LANGUAGE_STANDARD = "gnu++14";
				CLANG_CXX_LIBRARY = "libc++";
				CLANG_ENABLE_MODULES = YES;
				CLANG_ENABLE_OBJC_ARC = YES;
				CLANG_ENABLE_OBJC_WEAK = YES;
				CLANG_WARN_BLOCK_CAPTURE_AUTORELEASING = YES;
				CLANG_WARN_BOOL_CONVERSION = YES;
				CLANG_WARN_COMMA = YES;
				CLANG_WARN_CONSTANT_CONVERSION = YES;
				CLANG_WARN_DEPRECATED_OBJC_IMPLEMENTATIONS = YES;
				CLANG_WARN_DIRECT_OBJC_ISA_USAGE = YES_ERROR;
				CLANG_WARN_DOCUMENTATION_COMMENTS = YES;
				CLANG_WARN_EMPTY_BODY = YES;
				CLANG_WARN_ENUM_CONVERSION = YES;
				CLANG_WARN_INFINITE_RECURSION = YES;
				CLANG_WARN_INT_CONVERSION = YES;
				CLANG_WARN_NON_LITERAL_NULL_CONVERSION = YES;
				CLANG_WARN_OBJC_IMPLICIT_RETAIN_SELF = YES;
				CLANG_WARN_OBJC_LITERAL_CONVERSION = YES;
				CLANG_WARN_OBJC_ROOT_CLASS = YES_ERROR;
				CLANG_WARN_RANGE_LOOP_ANALYSIS = YES;
				CLANG_WARN_STRICT_PROTOTYPES = YES;
				CLANG_WARN_SUSPICIOUS_MOVE = YES;
				CLANG_WARN_UNGUARDED_AVAILABILITY = YES_AGGRESSIVE;
				CLANG_WARN_UNREACHABLE_CODE = YES;
				CLANG_WARN__DUPLICATE_METHOD_MATCH = YES;
				COPY_PHASE_STRIP = NO;
				DEBUG_INFORMATION_FORMAT = dwarf;
				ENABLE_STRICT_OBJC_MSGSEND = YES;
				ENABLE_TESTABILITY = YES;
				GCC_C_LANGUAGE_STANDARD = gnu11;
				GCC_DYNAMIC_NO_PIC = NO;
				GCC_NO_COMMON_BLOCKS = YES;
				GCC_OPTIMIZATION_LEVEL = 0;
				GCC_PREPROCESSOR_DEFINITIONS = (
					"DEBUG=1",
					"$(inherited)",
				);
				GCC_WARN_64_TO_32_BIT_CONVERSION = YES;
				GCC_WARN_ABOUT_RETURN_TYPE = YES_ERROR;
				GCC_WARN_UNDECLARED_SELECTOR = YES;
				GCC_WARN_UNINITIALIZED_AUTOS = YES_AGGRESSIVE;
				GCC_WARN_UNUSED_FUNCTION = YES;
				GCC_WARN_UNUSED_VARIABLE = YES;
				IPHONEOS_DEPLOYMENT_TARGET = 13.2;
				MTL_ENABLE_DEBUG_INFO = INCLUDE_SOURCE;
				MTL_FAST_MATH = YES;
				ONLY_ACTIVE_ARCH = YES;
				SDKROOT = iphoneos;
				SWIFT_ACTIVE_COMPILATION_CONDITIONS = DEBUG;
				SWIFT_OPTIMIZATION_LEVEL = "-Onone";
			};
			name = Debug;
		};
		8159EB6124A6D735000ECFC4 /* Release */ = {
			isa = XCBuildConfiguration;
			buildSettings = {
				ALWAYS_SEARCH_USER_PATHS = NO;
				CLANG_ANALYZER_NONNULL = YES;
				CLANG_ANALYZER_NUMBER_OBJECT_CONVERSION = YES_AGGRESSIVE;
				CLANG_CXX_LANGUAGE_STANDARD = "gnu++14";
				CLANG_CXX_LIBRARY = "libc++";
				CLANG_ENABLE_MODULES = YES;
				CLANG_ENABLE_OBJC_ARC = YES;
				CLANG_ENABLE_OBJC_WEAK = YES;
				CLANG_WARN_BLOCK_CAPTURE_AUTORELEASING = YES;
				CLANG_WARN_BOOL_CONVERSION = YES;
				CLANG_WARN_COMMA = YES;
				CLANG_WARN_CONSTANT_CONVERSION = YES;
				CLANG_WARN_DEPRECATED_OBJC_IMPLEMENTATIONS = YES;
				CLANG_WARN_DIRECT_OBJC_ISA_USAGE = YES_ERROR;
				CLANG_WARN_DOCUMENTATION_COMMENTS = YES;
				CLANG_WARN_EMPTY_BODY = YES;
				CLANG_WARN_ENUM_CONVERSION = YES;
				CLANG_WARN_INFINITE_RECURSION = YES;
				CLANG_WARN_INT_CONVERSION = YES;
				CLANG_WARN_NON_LITERAL_NULL_CONVERSION = YES;
				CLANG_WARN_OBJC_IMPLICIT_RETAIN_SELF = YES;
				CLANG_WARN_OBJC_LITERAL_CONVERSION = YES;
				CLANG_WARN_OBJC_ROOT_CLASS = YES_ERROR;
				CLANG_WARN_RANGE_LOOP_ANALYSIS = YES;
				CLANG_WARN_STRICT_PROTOTYPES = YES;
				CLANG_WARN_SUSPICIOUS_MOVE = YES;
				CLANG_WARN_UNGUARDED_AVAILABILITY = YES_AGGRESSIVE;
				CLANG_WARN_UNREACHABLE_CODE = YES;
				CLANG_WARN__DUPLICATE_METHOD_MATCH = YES;
				COPY_PHASE_STRIP = NO;
				DEBUG_INFORMATION_FORMAT = "dwarf-with-dsym";
				ENABLE_NS_ASSERTIONS = NO;
				ENABLE_STRICT_OBJC_MSGSEND = YES;
				GCC_C_LANGUAGE_STANDARD = gnu11;
				GCC_NO_COMMON_BLOCKS = YES;
				GCC_WARN_64_TO_32_BIT_CONVERSION = YES;
				GCC_WARN_ABOUT_RETURN_TYPE = YES_ERROR;
				GCC_WARN_UNDECLARED_SELECTOR = YES;
				GCC_WARN_UNINITIALIZED_AUTOS = YES_AGGRESSIVE;
				GCC_WARN_UNUSED_FUNCTION = YES;
				GCC_WARN_UNUSED_VARIABLE = YES;
				IPHONEOS_DEPLOYMENT_TARGET = 13.2;
				MTL_ENABLE_DEBUG_INFO = NO;
				MTL_FAST_MATH = YES;
				SDKROOT = iphoneos;
				SWIFT_COMPILATION_MODE = wholemodule;
				SWIFT_OPTIMIZATION_LEVEL = "-O";
				VALIDATE_PRODUCT = YES;
			};
			name = Release;
		};
		8159EB6324A6D735000ECFC4 /* Debug */ = {
			isa = XCBuildConfiguration;
			buildSettings = {
				ASSETCATALOG_COMPILER_APPICON_NAME = AppIcon;
				CODE_SIGN_STYLE = Automatic;
				DEVELOPMENT_TEAM = DQFEA2B5H2;
				INFOPLIST_FILE = GradientDemo/Info.plist;
				LD_RUNPATH_SEARCH_PATHS = (
					"$(inherited)",
					"@executable_path/Frameworks",
				);
				PRODUCT_BUNDLE_IDENTIFIER = com.zhiyun.GradientDemo;
				PRODUCT_NAME = "$(TARGET_NAME)";
				SWIFT_VERSION = 5.0;
				TARGETED_DEVICE_FAMILY = "1,2";
			};
			name = Debug;
		};
		8159EB6424A6D735000ECFC4 /* Release */ = {
			isa = XCBuildConfiguration;
			buildSettings = {
				ASSETCATALOG_COMPILER_APPICON_NAME = AppIcon;
				CODE_SIGN_STYLE = Automatic;
				DEVELOPMENT_TEAM = DQFEA2B5H2;
				INFOPLIST_FILE = GradientDemo/Info.plist;
				LD_RUNPATH_SEARCH_PATHS = (
					"$(inherited)",
					"@executable_path/Frameworks",
				);
				PRODUCT_BUNDLE_IDENTIFIER = com.zhiyun.GradientDemo;
				PRODUCT_NAME = "$(TARGET_NAME)";
				SWIFT_VERSION = 5.0;
				TARGETED_DEVICE_FAMILY = "1,2";
			};
			name = Release;
		};
/* End XCBuildConfiguration section */

/* Begin XCConfigurationList section */
		8159EB4924A6D72C000ECFC4 /* Build configuration list for PBXProject "GradientDemo" */ = {
			isa = XCConfigurationList;
			buildConfigurations = (
				8159EB6024A6D735000ECFC4 /* Debug */,
				8159EB6124A6D735000ECFC4 /* Release */,
			);
			defaultConfigurationIsVisible = 0;
			defaultConfigurationName = Release;
		};
		8159EB6224A6D735000ECFC4 /* Build configuration list for PBXNativeTarget "GradientDemo" */ = {
			isa = XCConfigurationList;
			buildConfigurations = (
				8159EB6324A6D735000ECFC4 /* Debug */,
				8159EB6424A6D735000ECFC4 /* Release */,
			);
			defaultConfigurationIsVisible = 0;
			defaultConfigurationName = Release;
		};
/* End XCConfigurationList section */
	};
	rootObject = 8159EB4624A6D72C000ECFC4 /* Project object */;
}
